
Microsoft Visual Studio Solution File, Format Version 12.00
# Visual Studio Version 17
VisualStudioVersion = 17.11.35327.3
MinimumVisualStudioVersion = 10.0.40219.1
Project("{FAE04EC0-301F-11D3-BF4B-00C04F79EFBC}") = "PcesRepair", "PcesRepair.csproj", "{1181602E-6097-4146-9FEE-2A36B409B4D4}"
EndProject
Project("{FAE04EC0-301F-11D3-BF4B-00C04F79EFBC}") = "CapaModelos", "CapaModelos\CapaModelos.csproj", "{D2D45D82-B953-43BC-9E5C-C289E8DB4B05}"
EndProject
Project("{FAE04EC0-301F-11D3-BF4B-00C04F79EFBC}") = "CapaDatos", "CapaDatos\CapaDatos.csproj", "{1373E906-67D5-42D1-BFCB-8A4B52AEEF00}"
EndProject
Global
	GlobalSection(SolutionConfigurationPlatforms) = preSolution
		Debug|Any CPU = Debug|Any CPU
		Release|Any CPU = Release|Any CPU
	EndGlobalSection
	GlobalSection(ProjectConfigurationPlatforms) = postSolution
		{1181602E-6097-4146-9FEE-2A36B409B4D4}.Debug|Any CPU.ActiveCfg = Debug|Any CPU
		{1181602E-6097-4146-9FEE-2A36B409B4D4}.Debug|Any CPU.Build.0 = Debug|Any CPU
		{1181602E-6097-4146-9FEE-2A36B409B4D4}.Release|Any CPU.ActiveCfg = Release|Any CPU
		{1181602E-6097-4146-9FEE-2A36B409B4D4}.Release|Any CPU.Build.0 = Release|Any CPU
		{D2D45D82-B953-43BC-9E5C-C289E8DB4B05}.Debug|Any CPU.ActiveCfg = Debug|Any CPU
		{D2D45D82-B953-43BC-9E5C-C289E8DB4B05}.Debug|Any CPU.Build.0 = Debug|Any CPU
		{D2D45D82-B953-43BC-9E5C-C289E8DB4B05}.Release|Any CPU.ActiveCfg = Release|Any CPU
		{D2D45D82-B953-43BC-9E5C-C289E8DB4B05}.Release|Any CPU.Build.0 = Release|Any CPU
		{1373E906-67D5-42D1-BFCB-8A4B52AEEF00}.Debug|Any CPU.ActiveCfg = Debug|Any CPU
		{1373E906-67D5-42D1-BFCB-8A4B52AEEF00}.Debug|Any CPU.Build.0 = Debug|Any CPU
		{1373E906-67D5-42D1-BFCB-8A4B52AEEF00}.Release|Any CPU.ActiveCfg = Release|Any CPU
		{1373E906-67D5-42D1-BFCB-8A4B52AEEF00}.Release|Any CPU.Build.0 = Release|Any CPU
	EndGlobalSection
	GlobalSection(SolutionProperties) = preSolution
		HideSolutionNode = FALSE
	EndGlobalSection
	GlobalSection(ExtensibilityGlobals) = postSolution
		SolutionGuid = {ADAF783B-DBA3-4B4D-B16D-EA8EC0697E0E}
	EndGlobalSection
EndGlobal
